Microsoft Visual Studio Solution File, Format Version 12.00
# Visual Studio Version 17
VisualStudioVersion = 17.5.2.0
MinimumVisualStudioVersion = 10.0.40219.1
Project("{FAE04EC0-301F-11D3-BF4B-00C04F79EFBC}") = "DnDApi", "DnDApi.csproj", "{B75A0346-0C27-98E4-0F98-244BF0AB93D8}"
EndProject
Global
	GlobalSection(SolutionConfigurationPlatforms) = preSolution
		Debug|Any CPU = Debug|Any CPU
		Release|Any CPU = Release|Any CPU
	EndGlobalSection
	GlobalSection(ProjectConfigurationPlatforms) = postSolution
		{B75A0346-0C27-98E4-0F98-244BF0AB93D8}.Debug|Any CPU.ActiveCfg = Debug|Any CPU
		{B75A0346-0C27-98E4-0F98-244BF0AB93D8}.Debug|Any CPU.Build.0 = Debug|Any CPU
		{B75A0346-0C27-98E4-0F98-244BF0AB93D8}.Release|Any CPU.ActiveCfg = Release|Any CPU
		{B75A0346-0C27-98E4-0F98-244BF0AB93D8}.Release|Any CPU.Build.0 = Release|Any CPU
	EndGlobalSection
	GlobalSection(SolutionProperties) = preSolution
		HideSolutionNode = FALSE
	EndGlobalSection
	GlobalSection(ExtensibilityGlobals) = postSolution
		SolutionGuid = {4A0BA6D8-9B75-4959-8A26-DD78F39ED225}
	EndGlobalSection
EndGlobal
